
Microsoft Visual Studio Solution File, Format Version 12.00
# Visual Studio 15
VisualStudioVersion = 15.0.27428.2015
MinimumVisualStudioVersion = 10.0.40219.1
Project("{FAE04EC0-301F-11D3-BF4B-00C04F79EFBC}") = "Fecha y hora con pausa", "Fecha y hora con pausa\Fecha y hora con pausa.csproj", "{B45A9D69-3F7A-4689-AAA1-36D1D52ECA30}"
EndProject
Global
	GlobalSection(SolutionConfigurationPlatforms) = preSolution
		Debug|Any CPU = Debug|Any CPU
		Release|Any CPU = Release|Any CPU
	EndGlobalSection
	GlobalSection(ProjectConfigurationPlatforms) = postSolution
		{B45A9D69-3F7A-4689-AAA1-36D1D52ECA30}.Debug|Any CPU.ActiveCfg = Debug|Any CPU
		{B45A9D69-3F7A-4689-AAA1-36D1D52ECA30}.Debug|Any CPU.Build.0 = Debug|Any CPU
		{B45A9D69-3F7A-4689-AAA1-36D1D52ECA30}.Release|Any CPU.ActiveCfg = Release|Any CPU
		{B45A9D69-3F7A-4689-AAA1-36D1D52ECA30}.Release|Any CPU.Build.0 = Release|Any CPU
	EndGlobalSection
	GlobalSection(SolutionProperties) = preSolution
		HideSolutionNode = FALSE
	EndGlobalSection
	GlobalSection(ExtensibilityGlobals) = postSolution
		SolutionGuid = {8C14451B-7F80-48D8-A980-1FCF319716B8}
	EndGlobalSection
EndGlobal
